
Microsoft Visual Studio Solution File, Format Version 12.00
# Visual Studio 15
VisualStudioVersion = 15.0.28307.757
MinimumVisualStudioVersion = 10.0.40219.1
Project("{9A19103F-16F7-4668-BE54-9A1E7A4F7556}") = "LansHouseBuilder", "LansHouseBuilder.csproj", "{621589CE-FDAB-459B-9B57-B3805DBF51FB}"
EndProject
Global
	GlobalSection(SolutionConfigurationPlatforms) = preSolution
		Debug|Any CPU = Debug|Any CPU
		Release|Any CPU = Release|Any CPU
	EndGlobalSection
	GlobalSection(ProjectConfigurationPlatforms) = postSolution
		{621589CE-FDAB-459B-9B57-B3805DBF51FB}.Debug|Any CPU.ActiveCfg = Debug|Any CPU
		{621589CE-FDAB-459B-9B57-B3805DBF51FB}.Debug|Any CPU.Build.0 = Debug|Any CPU
		{621589CE-FDAB-459B-9B57-B3805DBF51FB}.Release|Any CPU.ActiveCfg = Release|Any CPU
		{621589CE-FDAB-459B-9B57-B3805DBF51FB}.Release|Any CPU.Build.0 = Release|Any CPU
	EndGlobalSection
	GlobalSection(SolutionProperties) = preSolution
		HideSolutionNode = FALSE
	EndGlobalSection
	GlobalSection(ExtensibilityGlobals) = postSolution
		SolutionGuid = {BB51EA5C-4AED-4AC4-AEB2-E15F974DB2B7}
	EndGlobalSection
EndGlobal
